{"version":4,"terraform_version":"1.9.1","serial":2,"lineage":"ee8c93da-f97b-bfaa-b271-a1099ba752ba","outputs":{},"resources":[{"mode":"data","type":"aws_iam_policy_document","name":"lambda_s3_policy","provider":"provider[\"registry.opentofu.org/hashicorp/aws\"]","instances":[{"schema_version":0,"attributes":{"id":"3551959050","json":"{\n  \"Version\": \"2012-10-17\",\n  \"Statement\": [\n    {\n      \"Sid\": \"ReadFromSrcBucket\",\n      \"Effect\": \"Allow\",\n      \"Action\": \"s3:GetObject\",\n      \"Resource\": \"arn:aws:s3:::metabolize-s3-sync-test-src/*\"\n    },\n    {\n      \"Sid\": \"WriteToDstBucket\",\n      \"Effect\": \"Allow\",\n      \"Action\": \"s3:PutObject\",\n      \"Resource\": \"arn:aws:s3:::metabolize-s3-sync-test-dst/*\"\n    }\n  ]\n}","minified_json":"{\"Version\":\"2012-10-17\",\"Statement\":[{\"Sid\":\"ReadFromSrcBucket\",\"Effect\":\"Allow\",\"Action\":\"s3:GetObject\",\"Resource\":\"arn:aws:s3:::metabolize-s3-sync-test-src/*\"},{\"Sid\":\"WriteToDstBucket\",\"Effect\":\"Allow\",\"Action\":\"s3:PutObject\",\"Resource\":\"arn:aws:s3:::metabolize-s3-sync-test-dst/*\"}]}","override_json":null,"override_policy_documents":null,"policy_id":null,"source_json":null,"source_policy_documents":null,"statement":[{"actions":["s3:GetObject"],"condition":[],"effect":"Allow","not_actions":[],"not_principals":[],"not_resources":[],"principals":[],"resources":["arn:aws:s3:::metabolize-s3-sync-test-src/*"],"sid":"ReadFromSrcBucket"},{"actions":["s3:PutObject"],"condition":[],"effect":"Allow","not_actions":[],"not_principals":[],"not_resources":[],"principals":[],"resources":["arn:aws:s3:::metabolize-s3-sync-test-dst/*"],"sid":"WriteToDstBucket"}],"version":"2012-10-17"},"sensitive_attributes":[]}]},{"mode":"managed","type":"aws_s3_bucket","name":"dst_bucket","provider":"provider[\"registry.opentofu.org/hashicorp/aws\"].dst","instances":[{"schema_version":0,"attributes":{"acceleration_status":"","acl":null,"arn":"arn:aws:s3:::metabolize-s3-sync-test-dst","bucket":"metabolize-s3-sync-test-dst","bucket_domain_name":"metabolize-s3-sync-test-dst.s3.amazonaws.com","bucket_prefix":"","bucket_regional_domain_name":"metabolize-s3-sync-test-dst.s3.us-west-1.amazonaws.com","cors_rule":[],"force_destroy":null,"grant":[{"id":"51c383c226a8d90adcc5ef04d8451229d7259160b5b21980c88ab56f6c20ef99","permissions":["FULL_CONTROL"],"type":"CanonicalUser","uri":""}],"hosted_zone_id":"Z2F56UZL2M1ACD","id":"metabolize-s3-sync-test-dst","lifecycle_rule":[],"logging":[],"object_lock_configuration":[],"object_lock_enabled":false,"policy":"","region":"us-west-1","replication_configuration":[],"request_payer":"BucketOwner","server_side_encryption_configuration":[{"rule":[{"apply_server_side_encryption_by_default":[{"kms_master_key_id":"","sse_algorithm":"AES256"}],"bucket_key_enabled":true}]}],"tags":{},"tags_all":{},"timeouts":null,"versioning":[{"enabled":false,"mfa_delete":false}],"website":[],"website_domain":null,"website_endpoint":null},"sensitive_attributes":[],"private":"eyJlMmJmYjczMC1lY2FhLTExZTYtOGY4OC0zNDM2M2JjN2M0YzAiOnsiY3JlYXRlIjoxMjAwMDAwMDAwMDAwLCJkZWxldGUiOjM2MDAwMDAwMDAwMDAsInJlYWQiOjEyMDAwMDAwMDAwMDAsInVwZGF0ZSI6MTIwMDAwMDAwMDAwMH0sInNjaGVtYV92ZXJzaW9uIjoiMCJ9"}]},{"mode":"managed","type":"aws_s3_bucket","name":"src_bucket","provider":"provider[\"registry.opentofu.org/hashicorp/aws\"].default","instances":[{"schema_version":0,"attributes":{"acceleration_status":"","acl":null,"arn":"arn:aws:s3:::metabolize-s3-sync-test-src","bucket":"metabolize-s3-sync-test-src","bucket_domain_name":"metabolize-s3-sync-test-src.s3.amazonaws.com","bucket_prefix":"","bucket_regional_domain_name":"metabolize-s3-sync-test-src.s3.us-east-1.amazonaws.com","cors_rule":[],"force_destroy":null,"grant":[{"id":"51c383c226a8d90adcc5ef04d8451229d7259160b5b21980c88ab56f6c20ef99","permissions":["FULL_CONTROL"],"type":"CanonicalUser","uri":""}],"hosted_zone_id":"Z3AQBSTGFYJSTF","id":"metabolize-s3-sync-test-src","lifecycle_rule":[],"logging":[],"object_lock_configuration":[],"object_lock_enabled":false,"policy":"","region":"us-east-1","replication_configuration":[],"request_payer":"BucketOwner","server_side_encryption_configuration":[{"rule":[{"apply_server_side_encryption_by_default":[{"kms_master_key_id":"","sse_algorithm":"AES256"}],"bucket_key_enabled":true}]}],"tags":{},"tags_all":{},"timeouts":null,"versioning":[{"enabled":false,"mfa_delete":false}],"website":[],"website_domain":null,"website_endpoint":null},"sensitive_attributes":[],"private":"eyJlMmJmYjczMC1lY2FhLTExZTYtOGY4OC0zNDM2M2JjN2M0YzAiOnsiY3JlYXRlIjoxMjAwMDAwMDAwMDAwLCJkZWxldGUiOjM2MDAwMDAwMDAwMDAsInJlYWQiOjEyMDAwMDAwMDAwMDAsInVwZGF0ZSI6MTIwMDAwMDAwMDAwMH0sInNjaGVtYV92ZXJzaW9uIjoiMCJ9"}]}],"check_results":null}
